
Microsoft Visual Studio Solution File, Format Version 12.00
# Visual Studio Version 17
VisualStudioVersion = 17.1.32210.238
MinimumVisualStudioVersion = 10.0.40219.1
Project("{FAE04EC0-301F-11D3-BF4B-00C04F79EFBC}") = "KolleksiyonOdevi", "KolleksiyonOdevi\KolleksiyonOdevi.csproj", "{2890B192-5E16-44CA-9B0F-756A3D2DCF66}"
EndProject
Project("{FAE04EC0-301F-11D3-BF4B-00C04F79EFBC}") = "SecondQuestion", "SecondQuestion\SecondQuestion.csproj", "{20FAC183-9364-4EB7-B536-DE6F3EBF0A7A}"
EndProject
Project("{FAE04EC0-301F-11D3-BF4B-00C04F79EFBC}") = "ThirdQuestion", "ThirdQuestion\ThirdQuestion.csproj", "{A6E8FFF0-E14A-4439-8F72-75E99C85304C}"
EndProject
Global
	GlobalSection(SolutionConfigurationPlatforms) = preSolution
		Debug|Any CPU = Debug|Any CPU
		Release|Any CPU = Release|Any CPU
	EndGlobalSection
	GlobalSection(ProjectConfigurationPlatforms) = postSolution
		{2890B192-5E16-44CA-9B0F-756A3D2DCF66}.Debug|Any CPU.ActiveCfg = Debug|Any CPU
		{2890B192-5E16-44CA-9B0F-756A3D2DCF66}.Debug|Any CPU.Build.0 = Debug|Any CPU
		{2890B192-5E16-44CA-9B0F-756A3D2DCF66}.Release|Any CPU.ActiveCfg = Release|Any CPU
		{2890B192-5E16-44CA-9B0F-756A3D2DCF66}.Release|Any CPU.Build.0 = Release|Any CPU
		{20FAC183-9364-4EB7-B536-DE6F3EBF0A7A}.Debug|Any CPU.ActiveCfg = Debug|Any CPU
		{20FAC183-9364-4EB7-B536-DE6F3EBF0A7A}.Debug|Any CPU.Build.0 = Debug|Any CPU
		{20FAC183-9364-4EB7-B536-DE6F3EBF0A7A}.Release|Any CPU.ActiveCfg = Release|Any CPU
		{20FAC183-9364-4EB7-B536-DE6F3EBF0A7A}.Release|Any CPU.Build.0 = Release|Any CPU
		{A6E8FFF0-E14A-4439-8F72-75E99C85304C}.Debug|Any CPU.ActiveCfg = Debug|Any CPU
		{A6E8FFF0-E14A-4439-8F72-75E99C85304C}.Debug|Any CPU.Build.0 = Debug|Any CPU
		{A6E8FFF0-E14A-4439-8F72-75E99C85304C}.Release|Any CPU.ActiveCfg = Release|Any CPU
		{A6E8FFF0-E14A-4439-8F72-75E99C85304C}.Release|Any CPU.Build.0 = Release|Any CPU
	EndGlobalSection
	GlobalSection(SolutionProperties) = preSolution
		HideSolutionNode = FALSE
	EndGlobalSection
	GlobalSection(ExtensibilityGlobals) = postSolution
		SolutionGuid = {DB00010E-9A85-47C8-94C6-6196AC73484B}
	EndGlobalSection
EndGlobal
